// !$*UTF8*$!
{
	archiveVersion = 1;
	classes = {
	};
	objectVersion = 46;
	objects = {

/* Begin PBXBuildFile section */
		7BB3AE371C47FCE300A20A81 /* main.m in Sources */ = {isa = PBXBuildFile; fileRef = 7BB3AE361C47FCE300A20A81 /* main.m */; };
		7BB3AE3F1C47FD0600A20A81 /* Doctor.m in Sources */ = {isa = PBXBuildFile; fileRef = 7BB3AE3E1C47FD0600A20A81 /* Doctor.m */; };
		7BB3AE421C47FD1400A20A81 /* Patient.m in Sources */ = {isa = PBXBuildFile; fileRef = 7BB3AE411C47FD1400A20A81 /* Patient.m */; };
		7BB3AE511C482DD900A20A81 /* Prescription.m in Sources */ = {isa = PBXBuildFile; fileRef = 7BB3AE501C482DD900A20A81 /* Prescription.m */; };
/* End PBXBuildFile section */

/* Begin PBXCopyFilesBuildPhase section */
		7BB3AE311C47FCE300A20A81 /* CopyFiles */ = {
			isa = PBXCopyFilesBuildPhase;
			buildActionMask = 2147483647;
			dstPath = /usr/share/man/man1/;
			dstSubfolderSpec = 0;
			files = (
			);
			runOnlyForDeploymentPostprocessing = 1;
		};
/* End PBXCopyFilesBuildPhase section */

/* Begin PBXFileReference section */
		7BB3AE331C47FCE300A20A81 /* DoctorPatientAPP */ = {isa = PBXFileReference; explicitFileType = "compiled.mach-o.executable"; includeInIndex = 0; path = DoctorPatientAPP; sourceTree = BUILT_PRODUCTS_DIR; };
		7BB3AE361C47FCE300A20A81 /* main.m */ = {isa = PBXFileReference; lastKnownFileType = sourcecode.c.objc; path = main.m; sourceTree = "<group>"; };
		7BB3AE3D1C47FD0600A20A81 /* Doctor.h */ = {isa = PBXFileReference; fileEncoding = 4; lastKnownFileType = sourcecode.c.h; path = Doctor.h; sourceTree = "<group>"; };
		7BB3AE3E1C47FD0600A20A81 /* Doctor.m */ = {isa = PBXFileReference; fileEncoding = 4; lastKnownFileType = sourcecode.c.objc; path = Doctor.m; sourceTree = "<group>"; };
		7BB3AE401C47FD1400A20A81 /* Patient.h */ = {isa = PBXFileReference; fileEncoding = 4; lastKnownFileType = sourcecode.c.h; path = Patient.h; sourceTree = "<group>"; };
		7BB3AE411C47FD1400A20A81 /* Patient.m */ = {isa = PBXFileReference; fileEncoding = 4; lastKnownFileType = sourcecode.c.objc; path = Patient.m; sourceTree = "<group>"; };
		7BB3AE4F1C482DD900A20A81 /* Prescription.h */ = {isa = PBXFileReference; fileEncoding = 4; lastKnownFileType = sourcecode.c.h; name = Prescription.h; path = ../Prescription.h; sourceTree = "<group>"; };
		7BB3AE501C482DD900A20A81 /* Prescription.m */ = {isa = PBXFileReference; fileEncoding = 4; lastKnownFileType = sourcecode.c.objc; name = Prescription.m; path = ../Prescription.m; sourceTree = "<group>"; };
/* End PBXFileReference section */

/* Begin PBXFrameworksBuildPhase section */
		7BB3AE301C47FCE300A20A81 /* Frameworks */ = {
			isa = PBXFrameworksBuildPhase;
			buildActionMask = 2147483647;
			files = (
			);
			runOnlyForDeploymentPostprocessing = 0;
		};
/* End PBXFrameworksBuildPhase section */

/* Begin PBXGroup section */
		7BB3AE2A1C47FCE300A20A81 = {
			isa = PBXGroup;
			children = (
				7BB3AE351C47FCE300A20A81 /* DoctorPatientAPP */,
				7BB3AE341C47FCE300A20A81 /* Products */,
			);
			sourceTree = "<group>";
		};
		7BB3AE341C47FCE300A20A81 /* Products */ = {
			isa = PBXGroup;
			children = (
				7BB3AE331C47FCE300A20A81 /* DoctorPatientAPP */,
			);
			name = Products;
			sourceTree = "<group>";
		};
		7BB3AE351C47FCE300A20A81 /* DoctorPatientAPP */ = {
			isa = PBXGroup;
			children = (
				7BB3AE4F1C482DD900A20A81 /* Prescription.h */,
				7BB3AE501C482DD900A20A81 /* Prescription.m */,
				7BB3AE361C47FCE300A20A81 /* main.m */,
				7BB3AE401C47FD1400A20A81 /* Patient.h */,
				7BB3AE411C47FD1400A20A81 /* Patient.m */,
				7BB3AE3D1C47FD0600A20A81 /* Doctor.h */,
				7BB3AE3E1C47FD0600A20A81 /* Doctor.m */,
			);
			path = DoctorPatientAPP;
			sourceTree = "<group>";
		};
/* End PBXGroup section */

/* Begin PBXNativeTarget section */
		7BB3AE321C47FCE300A20A81 /* DoctorPatientAPP */ = {
			isa = PBXNativeTarget;
			buildConfigurationList = 7BB3AE3A1C47FCE300A20A81 /* Build configuration list for PBXNativeTarget "DoctorPatientAPP" */;
			buildPhases = (
				7BB3AE2F1C47FCE300A20A81 /* Sources */,
				7BB3AE301C47FCE300A20A81 /* Frameworks */,
				7BB3AE311C47FCE300A20A81 /* CopyFiles */,
			);
			buildRules = (
			);
			dependencies = (
			);
			name = DoctorPatientAPP;
			productName = DoctorPatientAPP;
			productReference = 7BB3AE331C47FCE300A20A81 /* DoctorPatientAPP */;
			productType = "com.apple.product-type.tool";
		};
/* End PBXNativeTarget section */

/* Begin PBXProject section */
		7BB3AE2B1C47FCE300A20A81 /* Project object */ = {
			isa = PBXProject;
			attributes = {
				LastUpgradeCheck = 0720;
				ORGANIZATIONNAME = "Anthony Tulai";
				TargetAttributes = {
					7BB3AE321C47FCE300A20A81 = {
						CreatedOnToolsVersion = 7.2;
					};
				};
			};
			buildConfigurationList = 7BB3AE2E1C47FCE300A20A81 /* Build configuration list for PBXProject "DoctorPatientAPP" */;
			compatibilityVersion = "Xcode 3.2";
			developmentRegion = English;
			hasScannedForEncodings = 0;
			knownRegions = (
				en,
			);
			mainGroup = 7BB3AE2A1C47FCE300A20A81;
			productRefGroup = 7BB3AE341C47FCE300A20A81 /* Products */;
			projectDirPath = "";
			projectRoot = "";
			targets = (
				7BB3AE321C47FCE300A20A81 /* DoctorPatientAPP */,
			);
		};
/* End PBXProject section */

/* Begin PBXSourcesBuildPhase section */
		7BB3AE2F1C47FCE300A20A81 /* Sources */ = {
			isa = PBXSourcesBuildPhase;
			buildActionMask = 2147483647;
			files = (
				7BB3AE421C47FD1400A20A81 /* Patient.m in Sources */,
				7BB3AE3F1C47FD0600A20A81 /* Doctor.m in Sources */,
				7BB3AE371C47FCE300A20A81 /* main.m in Sources */,
				7BB3AE511C482DD900A20A81 /* Prescription.m in Sources */,
			);
			runOnlyForDeploymentPostprocessing = 0;
		};
/* End PBXSourcesBuildPhase section */

/* Begin XCBuildConfiguration section */
		7BB3AE381C47FCE300A20A81 /* Debug */ = {
			isa = XCBuildConfiguration;
			buildSettings = {
				ALWAYS_SEARCH_USER_PATHS = NO;
				CLANG_CXX_LANGUAGE_STANDARD = "gnu++0x";
				CLANG_CXX_LIBRARY = "libc++";
				CLANG_ENABLE_MODULES = YES;
				CLANG_ENABLE_OBJC_ARC = YES;
				CLANG_WARN_BOOL_CONVERSION = YES;
				CLANG_WARN_CONSTANT_CONVERSION = YES;
				CLANG_WARN_DIRECT_OBJC_ISA_USAGE = YES_ERROR;
				CLANG_WARN_EMPTY_BODY = YES;
				CLANG_WARN_ENUM_CONVERSION = YES;
				CLANG_WARN_INT_CONVERSION = YES;
				CLANG_WARN_OBJC_ROOT_CLASS = YES_ERROR;
				CLANG_WARN_UNREACHABLE_CODE = YES;
				CLANG_WARN__DUPLICATE_METHOD_MATCH = YES;
				CODE_SIGN_IDENTITY = "-";
				COPY_PHASE_STRIP = NO;
				DEBUG_INFORMATION_FORMAT = dwarf;
				ENABLE_STRICT_OBJC_MSGSEND = YES;
				ENABLE_TESTABILITY = YES;
				GCC_C_LANGUAGE_STANDARD = gnu99;
				GCC_DYNAMIC_NO_PIC = NO;
				GCC_NO_COMMON_BLOCKS = YES;
				GCC_OPTIMIZATION_LEVEL = 0;
				GCC_PREPROCESSOR_DEFINITIONS = (
					"DEBUG=1",
					"$(inherited)",
				);
				GCC_WARN_64_TO_32_BIT_CONVERSION = YES;
				GCC_WARN_ABOUT_RETURN_TYPE = YES_ERROR;
				GCC_WARN_UNDECLARED_SELECTOR = YES;
				GCC_WARN_UNINITIALIZED_AUTOS = YES_AGGRESSIVE;
				GCC_WARN_UNUSED_FUNCTION = YES;
				GCC_WARN_UNUSED_VARIABLE = YES;
				MACOSX_DEPLOYMENT_TARGET = 10.11;
				MTL_ENABLE_DEBUG_INFO = YES;
				ONLY_ACTIVE_ARCH = YES;
				SDKROOT = macosx;
			};
			name = Debug;
		};
		7BB3AE391C47FCE300A20A81 /* Release */ = {
			isa = XCBuildConfiguration;
			buildSettings = {
				ALWAYS_SEARCH_USER_PATHS = NO;
				CLANG_CXX_LANGUAGE_STANDARD = "gnu++0x";
				CLANG_CXX_LIBRARY = "libc++";
				CLANG_ENABLE_MODULES = YES;
				CLANG_ENABLE_OBJC_ARC = YES;
				CLANG_WARN_BOOL_CONVERSION = YES;
				CLANG_WARN_CONSTANT_CONVERSION = YES;
				CLANG_WARN_DIRECT_OBJC_ISA_USAGE = YES_ERROR;
				CLANG_WARN_EMPTY_BODY = YES;
				CLANG_WARN_ENUM_CONVERSION = YES;
				CLANG_WARN_INT_CONVERSION = YES;
				CLANG_WARN_OBJC_ROOT_CLASS = YES_ERROR;
				CLANG_WARN_UNREACHABLE_CODE = YES;
				CLANG_WARN__DUPLICATE_METHOD_MATCH = YES;
				CODE_SIGN_IDENTITY = "-";
				COPY_PHASE_STRIP = NO;
				DEBUG_INFORMATION_FORMAT = "dwarf-with-dsym";
				ENABLE_NS_ASSERTIONS = NO;
				ENABLE_STRICT_OBJC_MSGSEND = YES;
				GCC_C_LANGUAGE_STANDARD = gnu99;
				GCC_NO_COMMON_BLOCKS = YES;
				GCC_WARN_64_TO_32_BIT_CONVERSION = YES;
				GCC_WARN_ABOUT_RETURN_TYPE = YES_ERROR;
				GCC_WARN_UNDECLARED_SELECTOR = YES;
				GCC_WARN_UNINITIALIZED_AUTOS = YES_AGGRESSIVE;
				GCC_WARN_UNUSED_FUNCTION = YES;
				GCC_WARN_UNUSED_VARIABLE = YES;
				MACOSX_DEPLOYMENT_TARGET = 10.11;
				MTL_ENABLE_DEBUG_INFO = NO;
				SDKROOT = macosx;
			};
			name = Release;
		};
		7BB3AE3B1C47FCE300A20A81 /* Debug */ = {
			isa = XCBuildConfiguration;
			buildSettings = {
				PRODUCT_NAME = "$(TARGET_NAME)";
			};
			name = Debug;
		};
		7BB3AE3C1C47FCE300A20A81 /* Release */ = {
			isa = XCBuildConfiguration;
			buildSettings = {
				PRODUCT_NAME = "$(TARGET_NAME)";
			};
			name = Release;
		};
/* End XCBuildConfiguration section */

/* Begin XCConfigurationList section */
		7BB3AE2E1C47FCE300A20A81 /* Build configuration list for PBXProject "DoctorPatientAPP" */ = {
			isa = XCConfigurationList;
			buildConfigurations = (
				7BB3AE381C47FCE300A20A81 /* Debug */,
				7BB3AE391C47FCE300A20A81 /* Release */,
			);
			defaultConfigurationIsVisible = 0;
			defaultConfigurationName = Release;
		};
		7BB3AE3A1C47FCE300A20A81 /* Build configuration list for PBXNativeTarget "DoctorPatientAPP" */ = {
			isa = XCConfigurationList;
			buildConfigurations = (
				7BB3AE3B1C47FCE300A20A81 /* Debug */,
				7BB3AE3C1C47FCE300A20A81 /* Release */,
			);
			defaultConfigurationIsVisible = 0;
		};
/* End XCConfigurationList section */
	};
	rootObject = 7BB3AE2B1C47FCE300A20A81 /* Project object */;
}
